
Microsoft Visual Studio Solution File, Format Version 12.00
# Visual Studio Version 16
VisualStudioVersion = 16.0.31729.503
MinimumVisualStudioVersion = 10.0.40219.1
Project("{9A19103F-16F7-4668-BE54-9A1E7A4F7556}") = "FlightBookingService", "FlightBookingService\FlightBookingService.csproj", "{2FCEBAED-071B-4295-AA21-334CB9EC6663}"
EndProject
Project("{9A19103F-16F7-4668-BE54-9A1E7A4F7556}") = "ManageAirlinesService", "ManageAirlinesService\ManageAirlinesService.csproj", "{4151B0B9-36F8-421D-BB20-92423E1A8AAD}"
EndProject
Project("{9A19103F-16F7-4668-BE54-9A1E7A4F7556}") = "APIGateway", "APIGateway\APIGateway.csproj", "{DD07E75D-9153-481A-BD23-99B935C0B29B}"
EndProject
Project("{9A19103F-16F7-4668-BE54-9A1E7A4F7556}") = "AuthenticationService", "AuthenticationService\AuthenticationService.csproj", "{31C66774-AD1C-4BA8-8FD8-4B295E98666B}"
EndProject
Project("{9A19103F-16F7-4668-BE54-9A1E7A4F7556}") = "Shared.Models", "Shared.Models\Shared.Models.csproj", "{F9DC4F64-9062-4903-9201-C91E1AE97EF1}"
EndProject
Global
	GlobalSection(SolutionConfigurationPlatforms) = preSolution
		Debug|Any CPU = Debug|Any CPU
		Release|Any CPU = Release|Any CPU
	EndGlobalSection
	GlobalSection(ProjectConfigurationPlatforms) = postSolution
		{2FCEBAED-071B-4295-AA21-334CB9EC6663}.Debug|Any CPU.ActiveCfg = Debug|Any CPU
		{2FCEBAED-071B-4295-AA21-334CB9EC6663}.Debug|Any CPU.Build.0 = Debug|Any CPU
		{2FCEBAED-071B-4295-AA21-334CB9EC6663}.Release|Any CPU.ActiveCfg = Release|Any CPU
		{2FCEBAED-071B-4295-AA21-334CB9EC6663}.Release|Any CPU.Build.0 = Release|Any CPU
		{4151B0B9-36F8-421D-BB20-92423E1A8AAD}.Debug|Any CPU.ActiveCfg = Debug|Any CPU
		{4151B0B9-36F8-421D-BB20-92423E1A8AAD}.Debug|Any CPU.Build.0 = Debug|Any CPU
		{4151B0B9-36F8-421D-BB20-92423E1A8AAD}.Release|Any CPU.ActiveCfg = Release|Any CPU
		{4151B0B9-36F8-421D-BB20-92423E1A8AAD}.Release|Any CPU.Build.0 = Release|Any CPU
		{DD07E75D-9153-481A-BD23-99B935C0B29B}.Debug|Any CPU.ActiveCfg = Debug|Any CPU
		{DD07E75D-9153-481A-BD23-99B935C0B29B}.Debug|Any CPU.Build.0 = Debug|Any CPU
		{DD07E75D-9153-481A-BD23-99B935C0B29B}.Release|Any CPU.ActiveCfg = Release|Any CPU
		{DD07E75D-9153-481A-BD23-99B935C0B29B}.Release|Any CPU.Build.0 = Release|Any CPU
		{31C66774-AD1C-4BA8-8FD8-4B295E98666B}.Debug|Any CPU.ActiveCfg = Debug|Any CPU
		{31C66774-AD1C-4BA8-8FD8-4B295E98666B}.Debug|Any CPU.Build.0 = Debug|Any CPU
		{31C66774-AD1C-4BA8-8FD8-4B295E98666B}.Release|Any CPU.ActiveCfg = Release|Any CPU
		{31C66774-AD1C-4BA8-8FD8-4B295E98666B}.Release|Any CPU.Build.0 = Release|Any CPU
		{F9DC4F64-9062-4903-9201-C91E1AE97EF1}.Debug|Any CPU.ActiveCfg = Debug|Any CPU
		{F9DC4F64-9062-4903-9201-C91E1AE97EF1}.Debug|Any CPU.Build.0 = Debug|Any CPU
		{F9DC4F64-9062-4903-9201-C91E1AE97EF1}.Release|Any CPU.ActiveCfg = Release|Any CPU
		{F9DC4F64-9062-4903-9201-C91E1AE97EF1}.Release|Any CPU.Build.0 = Release|Any CPU
	EndGlobalSection
	GlobalSection(SolutionProperties) = preSolution
		HideSolutionNode = FALSE
	EndGlobalSection
	GlobalSection(ExtensibilityGlobals) = postSolution
		SolutionGuid = {A440861D-6CE6-4DC4-BBE1-672E9BB04194}
	EndGlobalSection
EndGlobal
